
Microsoft Visual Studio Solution File, Format Version 12.00
# Visual Studio Version 17
VisualStudioVersion = 17.14.36301.6 d17.14
MinimumVisualStudioVersion = 10.0.40219.1
Project("{F14B399A-7131-4C87-9E4B-1186C45EF12D}") = "CustomerList", "CustomerList\CustomerList.rptproj", "{709D4E47-45C3-0978-B965-72D45061EF25}"
EndProject
Global
	GlobalSection(SolutionConfigurationPlatforms) = preSolution
		Debug|Default = Debug|Default
		DebugLocal|Default = DebugLocal|Default
		Release|Default = Release|Default
	EndGlobalSection
	GlobalSection(ProjectConfigurationPlatforms) = postSolution
		{709D4E47-45C3-0978-B965-72D45061EF25}.Debug|Default.ActiveCfg = Debug
		{709D4E47-45C3-0978-B965-72D45061EF25}.Debug|Default.Build.0 = Debug
		{709D4E47-45C3-0978-B965-72D45061EF25}.Debug|Default.Deploy.0 = Debug
		{709D4E47-45C3-0978-B965-72D45061EF25}.DebugLocal|Default.ActiveCfg = DebugLocal
		{709D4E47-45C3-0978-B965-72D45061EF25}.DebugLocal|Default.Build.0 = DebugLocal
		{709D4E47-45C3-0978-B965-72D45061EF25}.Release|Default.ActiveCfg = Release
		{709D4E47-45C3-0978-B965-72D45061EF25}.Release|Default.Build.0 = Release
		{709D4E47-45C3-0978-B965-72D45061EF25}.Release|Default.Deploy.0 = Release
	EndGlobalSection
	GlobalSection(SolutionProperties) = preSolution
		HideSolutionNode = FALSE
	EndGlobalSection
	GlobalSection(ExtensibilityGlobals) = postSolution
		SolutionGuid = {888EB4E4-0333-4E6E-9E4A-CB29768F6B92}
	EndGlobalSection
EndGlobal
