
Microsoft Visual Studio Solution File, Format Version 12.00
# Visual Studio Version 17
VisualStudioVersion = 17.14.36811.4 d17.14
MinimumVisualStudioVersion = 10.0.40219.1
Project("{F14B399A-7131-4C87-9E4B-1186C45EF12D}") = "Advanced_Reporting", "Advanced_Reporting\Advanced_Reporting.rptproj", "{D99C9B6F-EA8E-0875-F35F-AF8CB555CCAA}"
EndProject
Global
	GlobalSection(SolutionConfigurationPlatforms) = preSolution
		Debug|Default = Debug|Default
		DebugLocal|Default = DebugLocal|Default
		Release|Default = Release|Default
	EndGlobalSection
	GlobalSection(ProjectConfigurationPlatforms) = postSolution
		{D99C9B6F-EA8E-0875-F35F-AF8CB555CCAA}.Debug|Default.ActiveCfg = Debug
		{D99C9B6F-EA8E-0875-F35F-AF8CB555CCAA}.Debug|Default.Build.0 = Debug
		{D99C9B6F-EA8E-0875-F35F-AF8CB555CCAA}.Debug|Default.Deploy.0 = Debug
		{D99C9B6F-EA8E-0875-F35F-AF8CB555CCAA}.DebugLocal|Default.ActiveCfg = DebugLocal
		{D99C9B6F-EA8E-0875-F35F-AF8CB555CCAA}.DebugLocal|Default.Build.0 = DebugLocal
		{D99C9B6F-EA8E-0875-F35F-AF8CB555CCAA}.Release|Default.ActiveCfg = Release
		{D99C9B6F-EA8E-0875-F35F-AF8CB555CCAA}.Release|Default.Build.0 = Release
		{D99C9B6F-EA8E-0875-F35F-AF8CB555CCAA}.Release|Default.Deploy.0 = Release
	EndGlobalSection
	GlobalSection(SolutionProperties) = preSolution
		HideSolutionNode = FALSE
	EndGlobalSection
	GlobalSection(ExtensibilityGlobals) = postSolution
		SolutionGuid = {CC89E9A0-A8DE-4783-A215-8BD127CC35CA}
	EndGlobalSection
EndGlobal
